
Microsoft Visual Studio Solution File, Format Version 12.00
# Visual Studio 2015
Project("{FAE04EC0-301F-11D3-BF4B-00C04F79EFBC}") = "Periode 2", "Periode 2.csproj", "{9E809B60-5077-27A6-9379-03A1BB4B97FC}"
EndProject
Global
	GlobalSection(SolutionConfigurationPlatforms) = preSolution
		Debug|Any CPU = Debug|Any CPU
		Release|Any CPU = Release|Any CPU
	EndGlobalSection
	GlobalSection(ProjectConfigurationPlatforms) = postSolution
		{9E809B60-5077-27A6-9379-03A1BB4B97FC}.Debug|Any CPU.ActiveCfg = Debug|Any CPU
		{9E809B60-5077-27A6-9379-03A1BB4B97FC}.Debug|Any CPU.Build.0 = Debug|Any CPU
		{9E809B60-5077-27A6-9379-03A1BB4B97FC}.Release|Any CPU.ActiveCfg = Release|Any CPU
		{9E809B60-5077-27A6-9379-03A1BB4B97FC}.Release|Any CPU.Build.0 = Release|Any CPU
	EndGlobalSection
	GlobalSection(SolutionProperties) = preSolution
		HideSolutionNode = FALSE
	EndGlobalSection
EndGlobal
